
Microsoft Visual Studio Solution File, Format Version 12.00
# Visual Studio Version 17
VisualStudioVersion = 17.14.36408.4
MinimumVisualStudioVersion = 10.0.40219.1
Project("{FAE04EC0-301F-11D3-BF4B-00C04F79EFBC}") = "BankUI", "BankUI.csproj", "{EAAD0EA1-4C1D-4121-8B3B-F41DC58D2B8B}"
EndProject
Global
	GlobalSection(SolutionConfigurationPlatforms) = preSolution
		Debug|Any CPU = Debug|Any CPU
		Release|Any CPU = Release|Any CPU
	EndGlobalSection
	GlobalSection(ProjectConfigurationPlatforms) = postSolution
		{EAAD0EA1-4C1D-4121-8B3B-F41DC58D2B8B}.Debug|Any CPU.ActiveCfg = Debug|Any CPU
		{EAAD0EA1-4C1D-4121-8B3B-F41DC58D2B8B}.Debug|Any CPU.Build.0 = Debug|Any CPU
		{EAAD0EA1-4C1D-4121-8B3B-F41DC58D2B8B}.Release|Any CPU.ActiveCfg = Release|Any CPU
		{EAAD0EA1-4C1D-4121-8B3B-F41DC58D2B8B}.Release|Any CPU.Build.0 = Release|Any CPU
	EndGlobalSection
	GlobalSection(SolutionProperties) = preSolution
		HideSolutionNode = FALSE
	EndGlobalSection
	GlobalSection(ExtensibilityGlobals) = postSolution
		SolutionGuid = {49D096FE-C82C-4E11-9AF9-F526C2A75D32}
	EndGlobalSection
EndGlobal
